
Microsoft Visual Studio Solution File, Format Version 12.00
# Visual Studio 2013
VisualStudioVersion = 12.0.30723.0
MinimumVisualStudioVersion = 10.0.40219.1
Project("{FAE04EC0-301F-11D3-BF4B-00C04F79EFBC}") = "BasicTypes", "BasicTypes\BasicTypes.csproj", "{5CE1B326-F28F-4AFA-B458-D72B82C15A78}"
EndProject
Project("{2150E333-8FDC-42A3-9474-1A3956D46DE8}") = ".nuget", ".nuget", "{EE9E215A-F287-4412-93B4-8CA6763A2D79}"
	ProjectSection(SolutionItems) = preProject
		.nuget\packages.config = .nuget\packages.config
	EndProjectSection
EndProject
Project("{FAE04EC0-301F-11D3-BF4B-00C04F79EFBC}") = "DemoSite", "DemoSite\DemoSite.csproj", "{9D035759-0443-407F-9D88-CEAC94927DAE}"
EndProject
Project("{FAE04EC0-301F-11D3-BF4B-00C04F79EFBC}") = "DemoSite.Tests", "DemoSite.Tests\DemoSite.Tests.csproj", "{2902770A-0FD7-4F28-965C-0B9F93D8599E}"
EndProject
Project("{FAE04EC0-301F-11D3-BF4B-00C04F79EFBC}") = "TokiPonaApi", "TokiPonaApi\TokiPonaApi.csproj", "{F20BC67B-8B57-4A94-BF05-7D08BD30F8AE}"
EndProject
Project("{FAE04EC0-301F-11D3-BF4B-00C04F79EFBC}") = "TokiPonaApi.Tests", "TokiPonaApi.Tests\TokiPonaApi.Tests.csproj", "{ED65B6A2-9165-4385-8218-75276E3A4486}"
EndProject
Project("{FAE04EC0-301F-11D3-BF4B-00C04F79EFBC}") = "TokiPonaApi.Client", "TokiPonaApi.Client\TokiPonaApi.Client.csproj", "{674486EF-C15F-49F7-801D-C918BCCD3008}"
EndProject
Project("{FAE04EC0-301F-11D3-BF4B-00C04F79EFBC}") = "TokiPonaApi.SharedTypes", "TokiPonaApi.SharedTypes\TokiPonaApi.SharedTypes.csproj", "{6835FDDA-FE9B-4D20-9C0D-646232C6DBDF}"
EndProject
Global
	GlobalSection(SolutionConfigurationPlatforms) = preSolution
		Debug|Any CPU = Debug|Any CPU
		Release|Any CPU = Release|Any CPU
	EndGlobalSection
	GlobalSection(ProjectConfigurationPlatforms) = postSolution
		{5CE1B326-F28F-4AFA-B458-D72B82C15A78}.Debug|Any CPU.ActiveCfg = Debug|Any CPU
		{5CE1B326-F28F-4AFA-B458-D72B82C15A78}.Debug|Any CPU.Build.0 = Debug|Any CPU
		{5CE1B326-F28F-4AFA-B458-D72B82C15A78}.Release|Any CPU.ActiveCfg = Release|Any CPU
		{5CE1B326-F28F-4AFA-B458-D72B82C15A78}.Release|Any CPU.Build.0 = Release|Any CPU
		{9D035759-0443-407F-9D88-CEAC94927DAE}.Debug|Any CPU.ActiveCfg = Debug|Any CPU
		{9D035759-0443-407F-9D88-CEAC94927DAE}.Debug|Any CPU.Build.0 = Debug|Any CPU
		{9D035759-0443-407F-9D88-CEAC94927DAE}.Release|Any CPU.ActiveCfg = Release|Any CPU
		{9D035759-0443-407F-9D88-CEAC94927DAE}.Release|Any CPU.Build.0 = Release|Any CPU
		{2902770A-0FD7-4F28-965C-0B9F93D8599E}.Debug|Any CPU.ActiveCfg = Debug|Any CPU
		{2902770A-0FD7-4F28-965C-0B9F93D8599E}.Debug|Any CPU.Build.0 = Debug|Any CPU
		{2902770A-0FD7-4F28-965C-0B9F93D8599E}.Release|Any CPU.ActiveCfg = Release|Any CPU
		{2902770A-0FD7-4F28-965C-0B9F93D8599E}.Release|Any CPU.Build.0 = Release|Any CPU
		{F20BC67B-8B57-4A94-BF05-7D08BD30F8AE}.Debug|Any CPU.ActiveCfg = Debug|Any CPU
		{F20BC67B-8B57-4A94-BF05-7D08BD30F8AE}.Debug|Any CPU.Build.0 = Debug|Any CPU
		{F20BC67B-8B57-4A94-BF05-7D08BD30F8AE}.Release|Any CPU.ActiveCfg = Release|Any CPU
		{F20BC67B-8B57-4A94-BF05-7D08BD30F8AE}.Release|Any CPU.Build.0 = Release|Any CPU
		{ED65B6A2-9165-4385-8218-75276E3A4486}.Debug|Any CPU.ActiveCfg = Debug|Any CPU
		{ED65B6A2-9165-4385-8218-75276E3A4486}.Debug|Any CPU.Build.0 = Debug|Any CPU
		{ED65B6A2-9165-4385-8218-75276E3A4486}.Release|Any CPU.ActiveCfg = Release|Any CPU
		{ED65B6A2-9165-4385-8218-75276E3A4486}.Release|Any CPU.Build.0 = Release|Any CPU
		{674486EF-C15F-49F7-801D-C918BCCD3008}.Debug|Any CPU.ActiveCfg = Debug|Any CPU
		{674486EF-C15F-49F7-801D-C918BCCD3008}.Debug|Any CPU.Build.0 = Debug|Any CPU
		{674486EF-C15F-49F7-801D-C918BCCD3008}.Release|Any CPU.ActiveCfg = Release|Any CPU
		{674486EF-C15F-49F7-801D-C918BCCD3008}.Release|Any CPU.Build.0 = Release|Any CPU
		{6835FDDA-FE9B-4D20-9C0D-646232C6DBDF}.Debug|Any CPU.ActiveCfg = Debug|Any CPU
		{6835FDDA-FE9B-4D20-9C0D-646232C6DBDF}.Debug|Any CPU.Build.0 = Debug|Any CPU
		{6835FDDA-FE9B-4D20-9C0D-646232C6DBDF}.Release|Any CPU.ActiveCfg = Release|Any CPU
		{6835FDDA-FE9B-4D20-9C0D-646232C6DBDF}.Release|Any CPU.Build.0 = Release|Any CPU
	EndGlobalSection
	GlobalSection(SolutionProperties) = preSolution
		HideSolutionNode = FALSE
	EndGlobalSection
EndGlobal
